
Microsoft Visual Studio Solution File, Format Version 12.00
# Visual Studio Version 17
VisualStudioVersion = 17.0.31717.71
MinimumVisualStudioVersion = 10.0.40219.1
Project("{9A19103F-16F7-4668-BE54-9A1E7A4F7556}") = "MyApplication", "MyApplication.csproj", "{D94D397C-689B-4713-B92E-9A1B5FDCFDF6}"
EndProject
Global
	GlobalSection(SolutionConfigurationPlatforms) = preSolution
		Debug|Any CPU = Debug|Any CPU
		Release|Any CPU = Release|Any CPU
	EndGlobalSection
	GlobalSection(ProjectConfigurationPlatforms) = postSolution
		{D94D397C-689B-4713-B92E-9A1B5FDCFDF6}.Debug|Any CPU.ActiveCfg = Debug|Any CPU
		{D94D397C-689B-4713-B92E-9A1B5FDCFDF6}.Debug|Any CPU.Build.0 = Debug|Any CPU
		{D94D397C-689B-4713-B92E-9A1B5FDCFDF6}.Release|Any CPU.ActiveCfg = Release|Any CPU
		{D94D397C-689B-4713-B92E-9A1B5FDCFDF6}.Release|Any CPU.Build.0 = Release|Any CPU
	EndGlobalSection
	GlobalSection(SolutionProperties) = preSolution
		HideSolutionNode = FALSE
	EndGlobalSection
	GlobalSection(ExtensibilityGlobals) = postSolution
		SolutionGuid = {4FB29E8D-5CB2-4EF3-BF93-E36F87137273}
	EndGlobalSection
EndGlobal